<?xml version="1.0" encoding="UTF-8" standalone="yes" ?>
<CodeBlocks_project_file>
	<FileVersion major="1" minor="6" />
	<Project>
		<Option title="NeuroCorrelation" />
		<Option pch_mode="2" />
		<Option compiler="gcc" />
		<Build>
			<Target title="Debug">
				<Option output="bin/Debug/NeuroCorrelation" prefix_auto="1" extension_auto="1" />
				<Option working_dir="../NeuroCorrelation" />
				<Option object_output="obj/Debug/" />
				<Option type="1" />
				<Option compiler="gcc" />
				<Compiler>
					<Add option="-g" />
				</Compiler>
			</Target>
			<Target title="Release">
				<Option output="bin/Release/NeuroCorrelation" prefix_auto="1" extension_auto="1" />
				<Option working_dir="D:/CodeBlocks/MinGW/bin" />
				<Option object_output="obj/Release/" />
				<Option type="0" />
				<Option compiler="gcc" />
				<Compiler>
					<Add option="-O2" />
					<Add directory="include" />
					<Add directory="../NeuroCorrelation" />
				</Compiler>
				<Linker>
					<Add option="-s" />
				</Linker>
			</Target>
		</Build>
		<Compiler>
			<Add option="-Weffc++" />
			<Add option="-std=c++11" />
			<Add directory="../NeuroCorrelation" />
		</Compiler>
		<Linker>
			<Add library="glfw3" />
			<Add library="opengl32" />
			<Add library="glu32" />
			<Add library="gdi32" />
			<Add library="user32" />
			<Add library="kernel32" />
			<Add library="glew32" />
		</Linker>
		<Unit filename="NeuCor.cpp" />
		<Unit filename="NeuCor.h" />
		<Unit filename="NeuCor_Renderer.cpp" />
		<Unit filename="NeuCor_Renderer.h" />
		<Unit filename="imgui/imconfig.h" />
		<Unit filename="imgui/imgui.cpp" />
		<Unit filename="imgui/imgui.h" />
		<Unit filename="imgui/imgui_demo.cpp" />
		<Unit filename="imgui/imgui_draw.cpp" />
		<Unit filename="imgui/imgui_internal.h" />
		<Unit filename="imgui/stb_rect_pack.h" />
		<Unit filename="imgui/stb_textedit.h" />
		<Unit filename="imgui/stb_truetype.h" />
		<Unit filename="imgui_impl_glfw_gl3.cpp" />
		<Unit filename="imgui_impl_glfw_gl3.h" />
		<Unit filename="main.cpp" />
		<Unit filename="neuron.Fshader" />
		<Unit filename="neuron.shader" />
		<Unit filename="synapse.Fshader" />
		<Unit filename="synapse.shader" />
		<Unit filename="tinyexpr/tinyexpr.c">
			<Option compilerVar="CC" />
		</Unit>
		<Unit filename="tinyexpr/tinyexpr.h" />
		<Extensions>
			<code_completion />
			<envvars />
			<debugger />
			<lib_finder disable_auto="1" />
		</Extensions>
	</Project>
</CodeBlocks_project_file>
